
Microsoft Visual Studio Solution File, Format Version 12.00
# Visual Studio Version 17
VisualStudioVersion = 17.0.31903.59
MinimumVisualStudioVersion = 10.0.40219.1
Project("{FAE04EC0-301F-11D3-BF4B-00C04F79EFBC}") = "ImportCostPro.Persistence", "ImportCostPro.Persistence\ImportCostPro.Persistence.csproj", "{F7996ADC-C285-489D-9B3F-DE65433EECBC}"
EndProject
Project("{FAE04EC0-301F-11D3-BF4B-00C04F79EFBC}") = "ImportCostPro.Application", "ImportCostPro.Application\ImportCostPro.Application.csproj", "{B448445F-EB24-411D-9F25-977D68BFE21B}"
EndProject
Project("{FAE04EC0-301F-11D3-BF4B-00C04F79EFBC}") = "ImportCostPro.WebApp", "ImportCostPro.WebApp\ImportCostPro.WebApp.csproj", "{0E246BE1-8975-40B7-BD58-53D72B78C0B6}"
EndProject
Global
	GlobalSection(SolutionConfigurationPlatforms) = preSolution
		Debug|Any CPU = Debug|Any CPU
		Release|Any CPU = Release|Any CPU
	EndGlobalSection
	GlobalSection(SolutionProperties) = preSolution
		HideSolutionNode = FALSE
	EndGlobalSection
	GlobalSection(ProjectConfigurationPlatforms) = postSolution
		{F7996ADC-C285-489D-9B3F-DE65433EECBC}.Debug|Any CPU.ActiveCfg = Debug|Any CPU
		{F7996ADC-C285-489D-9B3F-DE65433EECBC}.Debug|Any CPU.Build.0 = Debug|Any CPU
		{F7996ADC-C285-489D-9B3F-DE65433EECBC}.Release|Any CPU.ActiveCfg = Release|Any CPU
		{F7996ADC-C285-489D-9B3F-DE65433EECBC}.Release|Any CPU.Build.0 = Release|Any CPU
		{B448445F-EB24-411D-9F25-977D68BFE21B}.Debug|Any CPU.ActiveCfg = Debug|Any CPU
		{B448445F-EB24-411D-9F25-977D68BFE21B}.Debug|Any CPU.Build.0 = Debug|Any CPU
		{B448445F-EB24-411D-9F25-977D68BFE21B}.Release|Any CPU.ActiveCfg = Release|Any CPU
		{B448445F-EB24-411D-9F25-977D68BFE21B}.Release|Any CPU.Build.0 = Release|Any CPU
		{0E246BE1-8975-40B7-BD58-53D72B78C0B6}.Debug|Any CPU.ActiveCfg = Debug|Any CPU
		{0E246BE1-8975-40B7-BD58-53D72B78C0B6}.Debug|Any CPU.Build.0 = Debug|Any CPU
		{0E246BE1-8975-40B7-BD58-53D72B78C0B6}.Release|Any CPU.ActiveCfg = Release|Any CPU
		{0E246BE1-8975-40B7-BD58-53D72B78C0B6}.Release|Any CPU.Build.0 = Release|Any CPU
	EndGlobalSection
EndGlobal
